{
    "hash": "c1cf3f056c60c9d187f155eada6edc66",
    "packages": [
        {
            "package": "dms/dms",
            "version": "dev-master",
            "source-reference": "master"
        },
        {
            "package": "doctrine/common",
            "version": "2.2.1"
        },
        {
            "package": "doctrine/dbal",
            "version": "2.2.1"
        },
        {
            "package": "doctrine/doctrine-bundle",
            "version": "dev-master",
            "source-reference": "50ee2c81bc7d0f413f402de46ecedfd98b79b4f3"
        },
        {
            "package": "doctrine/orm",
            "version": "2.2.0"
        },
        {
            "package": "friendsofsymfony/user-bundle",
            "version": "dev-master",
            "source-reference": "b706553b4f7784c56398088a0d050bd92dd6c4ac"
        },
        {
            "package": "jms/aop-bundle",
            "version": "1.0.0"
        },
        {
            "package": "jms/cg",
            "version": "1.0.0"
        },
        {
            "package": "jms/metadata",
            "version": "1.1.1"
        },
        {
            "package": "jms/security-extra-bundle",
            "version": "dev-master",
            "source-reference": "a636402a8cb1893202f6f67231923cd36ef96e60"
        },
        {
            "package": "kriswallsmith/assetic",
            "version": "dev-master",
            "source-reference": "2634d29cc193981761e3daf28e1afc6358bb43b1"
        },
        {
            "package": "monolog/monolog",
            "version": "1.0.2"
        },
        {
            "package": "mopa/bootstrap-bundle",
            "version": "dev-master",
            "source-reference": "ced50a352d8796ada4d5449c290b8ea82b1db57f"
        },
        {
            "package": "ornicar/gravatar-bundle",
            "version": "dev-master",
            "source-reference": "e5aedca3bd066081e16912ca8be96ba4ca570d0a"
        },
        {
            "package": "pear-horde/Horde_Exception",
            "version": "1.0.8"
        },
        {
            "package": "pear-horde/Horde_Text_Diff",
            "version": "1.0.2"
        },
        {
            "package": "pear-horde/Horde_Translation",
            "version": "1.0.1"
        },
        {
            "package": "pear-horde/Horde_Url",
            "version": "1.0.0"
        },
        {
            "package": "pear-horde/Horde_Util",
            "version": "1.3.0"
        },
        {
            "package": "sensio/distribution-bundle",
            "version": "dev-master",
            "source-reference": "e78f65f36b27ba07b1e44241b4cf5443e80d7bd5"
        },
        {
            "package": "sensio/framework-extra-bundle",
            "version": "dev-master",
            "source-reference": "7e1e52a241558264253179bb790f4c5d25544fb4"
        },
        {
            "package": "sensio/generator-bundle",
            "version": "dev-master",
            "source-reference": "06d07e0514d310be8d5630bfd93637136991c30c"
        },
        {
            "package": "swiftmailer/swiftmailer",
            "version": "4.1.6"
        },
        {
            "package": "symfony/assetic-bundle",
            "version": "dev-master",
            "source-reference": "b9cff021abc3d9433a892fa9908d9856393c0d09"
        },
        {
            "package": "symfony/monolog-bundle",
            "version": "dev-master",
            "source-reference": "289442e385e7c0fe4aa2e8884d11e774a8f9ad99"
        },
        {
            "package": "symfony/swiftmailer-bridge",
            "version": "dev-master",
            "source-reference": "23b8d5c049bb3dfb67ec04bbea09464da27c4ec7"
        },
        {
            "package": "symfony/swiftmailer-bundle",
            "version": "dev-master",
            "source-reference": "75f8f95c201922a966274547131b33291d15d51b"
        },
        {
            "package": "symfony/symfony",
            "version": "dev-master",
            "source-reference": "d6330e1bb34211b0b52391271d6c7dfb5ad0c213",
            "alias": "2.1.9999999.9999999-dev"
        },
        {
            "package": "twig/extensions",
            "version": "dev-master",
            "source-reference": "1dfff8e793f50f651c4f74f796c2c68a4aee3147"
        },
        {
            "package": "twig/twig",
            "version": "1.6.3"
        }
    ],
    "aliases": []
}
