{
    "hash": "932dc3386527a954865571cf9770712b",
    "packages": [
        {
            "package": "dms/dms",
            "version": "dev-master",
            "source-reference": "master"
        },
        {
            "package": "doctrine/common",
            "version": "2.2.2"
        },
        {
            "package": "doctrine/dbal",
            "version": "2.2.2"
        },
        {
            "package": "doctrine/doctrine-bundle",
            "version": "dev-master",
            "source-reference": "342c7dd0a1bfe9a1156a190a303b8bea49fdd4fb"
        },
        {
            "package": "doctrine/orm",
            "version": "2.2.0"
        },
        {
            "package": "friendsofsymfony/user-bundle",
            "version": "dev-master",
            "source-reference": "6fb81861d84d460f1d070ceb8ec180aac841f7fa"
        },
        {
            "package": "jms/aop-bundle",
            "version": "1.0.0"
        },
        {
            "package": "jms/cg",
            "version": "1.0.0"
        },
        {
            "package": "jms/metadata",
            "version": "1.1.1"
        },
        {
            "package": "jms/security-extra-bundle",
            "version": "dev-master",
            "source-reference": "b564463433aed66e9dddad8cbb761afff5a80cb4"
        },
        {
            "package": "jms/serializer-bundle",
            "version": "dev-master",
            "source-reference": "4ce47e7ce898d6a431433c33e194d3fed7244bd1"
        },
        {
            "package": "kriswallsmith/assetic",
            "version": "dev-master",
            "source-reference": "1a1b5f963db158a1065343fab617d25ce351a2dc",
            "alias-pretty-version": "1.1.x-dev",
            "alias-version": "1.1.9999999.9999999-dev"
        },
        {
            "package": "kriswallsmith/assetic",
            "version": "dev-master",
            "source-reference": "1a1b5f963db158a1065343fab617d25ce351a2dc"
        },
        {
            "package": "kriswallsmith/assetic",
            "version": "dev-master",
            "source-reference": "eb3b5eb732e5f172d5aa12dea0af36b7989c18b3",
            "alias-pretty-version": "1.1.x-dev",
            "alias-version": "1.1.9999999.9999999-dev"
        },
        {
            "package": "monolog/monolog",
            "version": "1.1.0"
        },
        {
            "package": "mopa/bootstrap-bundle",
            "version": "dev-master",
            "source-reference": "305394a5672d693f10f927ef6ca3a89c667ac60e"
        },
        {
            "package": "ornicar/gravatar-bundle",
            "version": "dev-master",
            "source-reference": "e5aedca3bd066081e16912ca8be96ba4ca570d0a"
        },
        {
            "package": "pear-horde/Horde_Exception",
            "version": "1.0.9"
        },
        {
            "package": "pear-horde/Horde_Text_Diff",
            "version": "1.0.2"
        },
        {
            "package": "pear-horde/Horde_Translation",
            "version": "1.0.2"
        },
        {
            "package": "pear-horde/Horde_Url",
            "version": "1.0.2"
        },
        {
            "package": "pear-horde/Horde_Util",
            "version": "1.3.0"
        },
        {
            "package": "sensio/distribution-bundle",
            "version": "dev-master",
            "source-reference": "77b7e8fabfb47ab81014759e59dd82f56f6c62f9"
        },
        {
            "package": "sensio/framework-extra-bundle",
            "version": "dev-master",
            "source-reference": "ab3130462a01437f4f748a778100e010c6d91ed3"
        },
        {
            "package": "sensio/generator-bundle",
            "version": "dev-master",
            "source-reference": "423f505811307185eeea38a0a396bede32713497"
        },
        {
            "package": "swiftmailer/swiftmailer",
            "version": "dev-master",
            "source-reference": "57789082d1d53529dcf8cd3ca132d9787a59afee",
            "alias-pretty-version": "4.1.x-dev",
            "alias-version": "4.1.9999999.9999999-dev"
        },
        {
            "package": "swiftmailer/swiftmailer",
            "version": "dev-master",
            "source-reference": "57789082d1d53529dcf8cd3ca132d9787a59afee"
        },
        {
            "package": "symfony/assetic-bundle",
            "version": "dev-master",
            "source-reference": "61c9f363e73b4ecbb72f81eb62675260a1132048"
        },
        {
            "package": "symfony/monolog-bundle",
            "version": "dev-master",
            "source-reference": "4d5a969dc5b34c8b0cea3521ce7fbb43b965af3f"
        },
        {
            "package": "symfony/swiftmailer-bridge",
            "version": "dev-master",
            "source-reference": "23b8d5c049bb3dfb67ec04bbea09464da27c4ec7",
            "alias-pretty-version": "2.1.x-dev",
            "alias-version": "2.1.9999999.9999999-dev"
        },
        {
            "package": "symfony/swiftmailer-bridge",
            "version": "dev-master",
            "source-reference": "509901cb13f43a6319a55804f787d206aa649ab4"
        },
        {
            "package": "symfony/swiftmailer-bridge",
            "version": "dev-master",
            "source-reference": "509901cb13f43a6319a55804f787d206aa649ab4",
            "alias-pretty-version": "2.1.x-dev",
            "alias-version": "2.1.9999999.9999999-dev"
        },
        {
            "package": "symfony/swiftmailer-bundle",
            "version": "dev-master",
            "source-reference": "1c6b57fe57210e9dcb5b4586d6572f47d17a25d7"
        },
        {
            "package": "symfony/symfony",
            "version": "dev-master",
            "source-reference": "e1934527424732305f931739f02510b186d880fe"
        },
        {
            "package": "symfony/symfony",
            "version": "dev-master",
            "source-reference": "e1934527424732305f931739f02510b186d880fe",
            "alias-pretty-version": "2.1.x-dev",
            "alias-version": "2.1.9999999.9999999-dev"
        },
        {
            "package": "symfony/symfony",
            "version": "dev-master",
            "source-reference": "45d43d325a3849a8b8d5358a396cedb01b410a46",
            "alias-pretty-version": "2.1.x-dev",
            "alias-version": "2.1.9999999.9999999-dev"
        },
        {
            "package": "twig/extensions",
            "version": "dev-master",
            "source-reference": "446d870272cd87a720e95242eade38a2acf56eaa"
        },
        {
            "package": "twig/twig",
            "version": "dev-master",
            "source-reference": "d661c2a2f654ba8f2bddeeac0b8a80dcd59649ab"
        },
        {
            "package": "twig/twig",
            "version": "dev-master",
            "source-reference": "d661c2a2f654ba8f2bddeeac0b8a80dcd59649ab",
            "alias-pretty-version": "1.9.x-dev",
            "alias-version": "1.9.9999999.9999999-dev"
        },
        {
            "package": "twig/twig",
            "version": "dev-master",
            "source-reference": "4e28408ce1fced95251e5f8c8299aa43e9f40f4d",
            "alias-pretty-version": "1.7.x-dev",
            "alias-version": "1.7.9999999.9999999-dev"
        }
    ],
    "packages-dev": null,
    "aliases": [

    ],
    "minimum-stability": "dev",
    "stability-flags": {
        "doctrine/doctrine-bundle": 20,
        "twig/extensions": 20,
        "symfony/assetic-bundle": 20,
        "symfony/swiftmailer-bundle": 20,
        "symfony/monolog-bundle": 20,
        "sensio/distribution-bundle": 20,
        "sensio/framework-extra-bundle": 20,
        "sensio/generator-bundle": 20,
        "jms/security-extra-bundle": 20,
        "jms/serializer-bundle": 20,
        "friendsofsymfony/user-bundle": 20,
        "ornicar/gravatar-bundle": 20,
        "mopa/bootstrap-bundle": 20,
        "dms/dms": 20
    }
}
